
Microsoft Visual Studio Solution File, Format Version 12.00
# Visual Studio 15
VisualStudioVersion = 15.0.28307.421
MinimumVisualStudioVersion = 10.0.40219.1
Project("{FAE04EC0-301F-11D3-BF4B-00C04F79EFBC}") = "ConsoleGameTanks", "ConsoleGameTanks\ConsoleGameTanks.csproj", "{9A51753C-E61B-4B91-A802-253C25982138}"
EndProject
Global
	GlobalSection(SolutionConfigurationPlatforms) = preSolution
		Debug|Any CPU = Debug|Any CPU
		Release|Any CPU = Release|Any CPU
	EndGlobalSection
	GlobalSection(ProjectConfigurationPlatforms) = postSolution
		{9A51753C-E61B-4B91-A802-253C25982138}.Debug|Any CPU.ActiveCfg = Debug|Any CPU
		{9A51753C-E61B-4B91-A802-253C25982138}.Debug|Any CPU.Build.0 = Debug|Any CPU
		{9A51753C-E61B-4B91-A802-253C25982138}.Release|Any CPU.ActiveCfg = Release|Any CPU
		{9A51753C-E61B-4B91-A802-253C25982138}.Release|Any CPU.Build.0 = Release|Any CPU
	EndGlobalSection
	GlobalSection(SolutionProperties) = preSolution
		HideSolutionNode = FALSE
	EndGlobalSection
	GlobalSection(ExtensibilityGlobals) = postSolution
		SolutionGuid = {8D560028-B532-4B86-8B85-0AABF8343B83}
	EndGlobalSection
EndGlobal
